
Microsoft Visual Studio Solution File, Format Version 11.00
# Visual Studio 2010
Project("{FAE04EC0-301F-11D3-BF4B-00C04F79EFBC}") = "AR_Tour", "Assembly-CSharp.csproj", "{0A32079D-F295-04EA-7981-7AF0C1D2532E}"
EndProject
Project("{FAE04EC0-301F-11D3-BF4B-00C04F79EFBC}") = "AR_Tour", "Assembly-CSharp-Editor.csproj", "{7176E4E5-6D06-655A-9AFF-A7A5A27041D2}"
EndProject
Global
	GlobalSection(SolutionConfigurationPlatforms) = preSolution
		Debug|Any CPU = Debug|Any CPU
		Release|Any CPU = Release|Any CPU
	EndGlobalSection
	GlobalSection(ProjectConfigurationPlatforms) = postSolution
		{0A32079D-F295-04EA-7981-7AF0C1D2532E}.Debug|Any CPU.ActiveCfg = Debug|Any CPU
		{0A32079D-F295-04EA-7981-7AF0C1D2532E}.Debug|Any CPU.Build.0 = Debug|Any CPU
		{0A32079D-F295-04EA-7981-7AF0C1D2532E}.Release|Any CPU.ActiveCfg = Release|Any CPU
		{0A32079D-F295-04EA-7981-7AF0C1D2532E}.Release|Any CPU.Build.0 = Release|Any CPU
		{7176E4E5-6D06-655A-9AFF-A7A5A27041D2}.Debug|Any CPU.ActiveCfg = Debug|Any CPU
		{7176E4E5-6D06-655A-9AFF-A7A5A27041D2}.Debug|Any CPU.Build.0 = Debug|Any CPU
		{7176E4E5-6D06-655A-9AFF-A7A5A27041D2}.Release|Any CPU.ActiveCfg = Release|Any CPU
		{7176E4E5-6D06-655A-9AFF-A7A5A27041D2}.Release|Any CPU.Build.0 = Release|Any CPU
	EndGlobalSection
	GlobalSection(SolutionProperties) = preSolution
		HideSolutionNode = FALSE
	EndGlobalSection
	GlobalSection(MonoDevelopProperties) = preSolution
		StartupItem = Assembly-CSharp.csproj
	EndGlobalSection
EndGlobal
